
Microsoft Visual Studio Solution File, Format Version 12.00
# Visual Studio Version 16
VisualStudioVersion = 16.0.31105.61
MinimumVisualStudioVersion = 10.0.40219.1
Project("{9A19103F-16F7-4668-BE54-9A1E7A4F7556}") = "AnkaKafe.UI", "AnkaKafe.UI\AnkaKafe.UI.csproj", "{5332561E-96AF-469C-847B-6BD342B54FDF}"
EndProject
Project("{9A19103F-16F7-4668-BE54-9A1E7A4F7556}") = "AnkaKafe.Data", "AnkaKafe.Data\AnkaKafe.Data.csproj", "{A5427BF6-B183-487C-B392-30CD9260F580}"
EndProject
Global
	GlobalSection(SolutionConfigurationPlatforms) = preSolution
		Debug|Any CPU = Debug|Any CPU
		Release|Any CPU = Release|Any CPU
	EndGlobalSection
	GlobalSection(ProjectConfigurationPlatforms) = postSolution
		{5332561E-96AF-469C-847B-6BD342B54FDF}.Debug|Any CPU.ActiveCfg = Debug|Any CPU
		{5332561E-96AF-469C-847B-6BD342B54FDF}.Debug|Any CPU.Build.0 = Debug|Any CPU
		{5332561E-96AF-469C-847B-6BD342B54FDF}.Release|Any CPU.ActiveCfg = Release|Any CPU
		{5332561E-96AF-469C-847B-6BD342B54FDF}.Release|Any CPU.Build.0 = Release|Any CPU
		{A5427BF6-B183-487C-B392-30CD9260F580}.Debug|Any CPU.ActiveCfg = Debug|Any CPU
		{A5427BF6-B183-487C-B392-30CD9260F580}.Debug|Any CPU.Build.0 = Debug|Any CPU
		{A5427BF6-B183-487C-B392-30CD9260F580}.Release|Any CPU.ActiveCfg = Release|Any CPU
		{A5427BF6-B183-487C-B392-30CD9260F580}.Release|Any CPU.Build.0 = Release|Any CPU
	EndGlobalSection
	GlobalSection(SolutionProperties) = preSolution
		HideSolutionNode = FALSE
	EndGlobalSection
	GlobalSection(ExtensibilityGlobals) = postSolution
		SolutionGuid = {F2ABA643-D86F-4425-ABED-C7FEA7B2EB75}
	EndGlobalSection
EndGlobal
